
Microsoft Visual Studio Solution File, Format Version 12.00
# Visual Studio 15
VisualStudioVersion = 15.0.28010.2016
MinimumVisualStudioVersion = 10.0.40219.1
Project("{9A19103F-16F7-4668-BE54-9A1E7A4F7556}") = "GramConvert", "GramConvert\GramConvert.csproj", "{8370F4F9-6872-4097-98D3-D92168263248}"
EndProject
Project("{9A19103F-16F7-4668-BE54-9A1E7A4F7556}") = "GramConvertUnitTest", "UnitTestProject1\GramConvertUnitTest.csproj", "{94F8BB9A-041C-4238-8E5A-82637860CDEE}"
EndProject
Project("{9A19103F-16F7-4668-BE54-9A1E7A4F7556}") = "GramOunceServer", "GramOunceServer\GramOunceServer.csproj", "{F58BC9C6-B4BB-4857-BA6C-B3A1FFC7E4EB}"
EndProject
Project("{FAE04EC0-301F-11D3-BF4B-00C04F79EFBC}") = "GramOunceClient", "GramOunceClient\GramOunceClient.csproj", "{E6E210BF-CE05-4860-B75D-AFE1A89B9E44}"
EndProject
Global
	GlobalSection(SolutionConfigurationPlatforms) = preSolution
		Debug|Any CPU = Debug|Any CPU
		Release|Any CPU = Release|Any CPU
	EndGlobalSection
	GlobalSection(ProjectConfigurationPlatforms) = postSolution
		{8370F4F9-6872-4097-98D3-D92168263248}.Debug|Any CPU.ActiveCfg = Debug|Any CPU
		{8370F4F9-6872-4097-98D3-D92168263248}.Debug|Any CPU.Build.0 = Debug|Any CPU
		{8370F4F9-6872-4097-98D3-D92168263248}.Release|Any CPU.ActiveCfg = Release|Any CPU
		{8370F4F9-6872-4097-98D3-D92168263248}.Release|Any CPU.Build.0 = Release|Any CPU
		{94F8BB9A-041C-4238-8E5A-82637860CDEE}.Debug|Any CPU.ActiveCfg = Debug|Any CPU
		{94F8BB9A-041C-4238-8E5A-82637860CDEE}.Debug|Any CPU.Build.0 = Debug|Any CPU
		{94F8BB9A-041C-4238-8E5A-82637860CDEE}.Release|Any CPU.ActiveCfg = Release|Any CPU
		{94F8BB9A-041C-4238-8E5A-82637860CDEE}.Release|Any CPU.Build.0 = Release|Any CPU
		{F58BC9C6-B4BB-4857-BA6C-B3A1FFC7E4EB}.Debug|Any CPU.ActiveCfg = Debug|Any CPU
		{F58BC9C6-B4BB-4857-BA6C-B3A1FFC7E4EB}.Debug|Any CPU.Build.0 = Debug|Any CPU
		{F58BC9C6-B4BB-4857-BA6C-B3A1FFC7E4EB}.Release|Any CPU.ActiveCfg = Release|Any CPU
		{F58BC9C6-B4BB-4857-BA6C-B3A1FFC7E4EB}.Release|Any CPU.Build.0 = Release|Any CPU
		{E6E210BF-CE05-4860-B75D-AFE1A89B9E44}.Debug|Any CPU.ActiveCfg = Debug|Any CPU
		{E6E210BF-CE05-4860-B75D-AFE1A89B9E44}.Debug|Any CPU.Build.0 = Debug|Any CPU
		{E6E210BF-CE05-4860-B75D-AFE1A89B9E44}.Release|Any CPU.ActiveCfg = Release|Any CPU
		{E6E210BF-CE05-4860-B75D-AFE1A89B9E44}.Release|Any CPU.Build.0 = Release|Any CPU
	EndGlobalSection
	GlobalSection(SolutionProperties) = preSolution
		HideSolutionNode = FALSE
	EndGlobalSection
	GlobalSection(ExtensibilityGlobals) = postSolution
		SolutionGuid = {F8479612-0EE6-42FA-AE2B-285CDB9663EA}
	EndGlobalSection
EndGlobal
